
Microsoft Visual Studio Solution File, Format Version 12.00
# Visual Studio Version 16
VisualStudioVersion = 16.0.30225.117
MinimumVisualStudioVersion = 10.0.40219.1
Project("{8BC9CEB8-8B4A-11D0-8D11-00A0C91BC942}") = "단어뒤집기(9093)", "단어뒤집기(9093)\단어뒤집기(9093).vcxproj", "{FED6919E-8F00-42F4-BFD9-EDB7F2892A00}"
EndProject
Global
	GlobalSection(SolutionConfigurationPlatforms) = preSolution
		Debug|x64 = Debug|x64
		Debug|x86 = Debug|x86
		Release|x64 = Release|x64
		Release|x86 = Release|x86
	EndGlobalSection
	GlobalSection(ProjectConfigurationPlatforms) = postSolution
		{FED6919E-8F00-42F4-BFD9-EDB7F2892A00}.Debug|x64.ActiveCfg = Debug|x64
		{FED6919E-8F00-42F4-BFD9-EDB7F2892A00}.Debug|x64.Build.0 = Debug|x64
		{FED6919E-8F00-42F4-BFD9-EDB7F2892A00}.Debug|x86.ActiveCfg = Debug|Win32
		{FED6919E-8F00-42F4-BFD9-EDB7F2892A00}.Debug|x86.Build.0 = Debug|Win32
		{FED6919E-8F00-42F4-BFD9-EDB7F2892A00}.Release|x64.ActiveCfg = Release|x64
		{FED6919E-8F00-42F4-BFD9-EDB7F2892A00}.Release|x64.Build.0 = Release|x64
		{FED6919E-8F00-42F4-BFD9-EDB7F2892A00}.Release|x86.ActiveCfg = Release|Win32
		{FED6919E-8F00-42F4-BFD9-EDB7F2892A00}.Release|x86.Build.0 = Release|Win32
	EndGlobalSection
	GlobalSection(SolutionProperties) = preSolution
		HideSolutionNode = FALSE
	EndGlobalSection
	GlobalSection(ExtensibilityGlobals) = postSolution
		SolutionGuid = {53AD0E99-CB54-49BF-B957-1091204C670C}
	EndGlobalSection
EndGlobal
